# THIS IS AN AUTOGENERATED FILE. DO NOT EDIT THIS FILE DIRECTLY.
# yarn lockfile v1
three:
  version "0.83.0"
  resolved "https://registry.yarnpkg.com/three/-/three-0.83.0.tgz#3b7f94790af3e021dac1f44a2617569ca2032b0b"

three-trackballcontrols:
  version "0.0.5"
  resolved "https://registry.yarnpkg.com/three-trackballcontrols/-/three-trackballcontrols-0.0.5.tgz#d07818f0da68c39ed260bc8a90b5c7b818a6c644"
  dependencies:
    three "^0.74.0"

three@^0.74.0:
  version "0.74.0"
  resolved "https://registry.yarnpkg.com/three/-/three-0.74.0.tgz#648a2a418dae9e8b5de14661fdc84d38429b72da"

